
Microsoft Visual Studio Solution File, Format Version 12.00
# Visual Studio Version 17
VisualStudioVersion = 17.3.32819.101
MinimumVisualStudioVersion = 10.0.40219.1
Project("{FAE04EC0-301F-11D3-BF4B-00C04F79EFBC}") = "final_sim", "final_sim.csproj", "{FF10094C-7DD8-47B0-BAA7-97CF5CD6D38D}"
EndProject
Global
	GlobalSection(SolutionConfigurationPlatforms) = preSolution
		Debug|Any CPU = Debug|Any CPU
		Release|Any CPU = Release|Any CPU
	EndGlobalSection
	GlobalSection(ProjectConfigurationPlatforms) = postSolution
		{FF10094C-7DD8-47B0-BAA7-97CF5CD6D38D}.Debug|Any CPU.ActiveCfg = Debug|Any CPU
		{FF10094C-7DD8-47B0-BAA7-97CF5CD6D38D}.Debug|Any CPU.Build.0 = Debug|Any CPU
		{FF10094C-7DD8-47B0-BAA7-97CF5CD6D38D}.Release|Any CPU.ActiveCfg = Release|Any CPU
		{FF10094C-7DD8-47B0-BAA7-97CF5CD6D38D}.Release|Any CPU.Build.0 = Release|Any CPU
	EndGlobalSection
	GlobalSection(SolutionProperties) = preSolution
		HideSolutionNode = FALSE
	EndGlobalSection
	GlobalSection(ExtensibilityGlobals) = postSolution
		SolutionGuid = {64ADA85B-C7EF-40B0-BDB0-00680B6E6F6A}
	EndGlobalSection
EndGlobal
